
Microsoft Visual Studio Solution File, Format Version 12.00
Project("{FAE04EC0-301F-11D3-BF4B-00C04F79EFBC}") = "NumbersFilterTests", "NumbersFilterTests\NumbersFilterTests.csproj", "{C500048D-97DB-4792-A33A-DBC9DCDF5D32}"
EndProject
Project("{FAE04EC0-301F-11D3-BF4B-00C04F79EFBC}") = "NumbersFilterApp", "NumbersFilterApp\NumbersFilterApp.csproj", "{FFF36CD7-7C25-4131-8898-902E12C430B7}"
EndProject
Global
	GlobalSection(SolutionConfigurationPlatforms) = preSolution
		Debug|Any CPU = Debug|Any CPU
		Release|Any CPU = Release|Any CPU
	EndGlobalSection
	GlobalSection(ProjectConfigurationPlatforms) = postSolution
		{C500048D-97DB-4792-A33A-DBC9DCDF5D32}.Debug|Any CPU.ActiveCfg = Debug|Any CPU
		{C500048D-97DB-4792-A33A-DBC9DCDF5D32}.Debug|Any CPU.Build.0 = Debug|Any CPU
		{C500048D-97DB-4792-A33A-DBC9DCDF5D32}.Release|Any CPU.ActiveCfg = Release|Any CPU
		{C500048D-97DB-4792-A33A-DBC9DCDF5D32}.Release|Any CPU.Build.0 = Release|Any CPU
		{FFF36CD7-7C25-4131-8898-902E12C430B7}.Debug|Any CPU.ActiveCfg = Debug|Any CPU
		{FFF36CD7-7C25-4131-8898-902E12C430B7}.Debug|Any CPU.Build.0 = Debug|Any CPU
		{FFF36CD7-7C25-4131-8898-902E12C430B7}.Release|Any CPU.ActiveCfg = Release|Any CPU
		{FFF36CD7-7C25-4131-8898-902E12C430B7}.Release|Any CPU.Build.0 = Release|Any CPU
	EndGlobalSection
EndGlobal
